
Microsoft Visual Studio Solution File, Format Version 12.00
# Visual Studio Version 17
VisualStudioVersion = 17.14.36717.8 d17.14
MinimumVisualStudioVersion = 10.0.40219.1
Project("{FAE04EC0-301F-11D3-BF4B-00C04F79EFBC}") = "F25Week13BlazorWithEf", "F25Week13BlazorWithEf\F25Week13BlazorWithEf.csproj", "{74661106-DA88-4442-869B-1F82A5749E9F}"
EndProject
Global
	GlobalSection(SolutionConfigurationPlatforms) = preSolution
		Debug|Any CPU = Debug|Any CPU
		Release|Any CPU = Release|Any CPU
	EndGlobalSection
	GlobalSection(ProjectConfigurationPlatforms) = postSolution
		{74661106-DA88-4442-869B-1F82A5749E9F}.Debug|Any CPU.ActiveCfg = Debug|Any CPU
		{74661106-DA88-4442-869B-1F82A5749E9F}.Debug|Any CPU.Build.0 = Debug|Any CPU
		{74661106-DA88-4442-869B-1F82A5749E9F}.Release|Any CPU.ActiveCfg = Release|Any CPU
		{74661106-DA88-4442-869B-1F82A5749E9F}.Release|Any CPU.Build.0 = Release|Any CPU
	EndGlobalSection
	GlobalSection(SolutionProperties) = preSolution
		HideSolutionNode = FALSE
	EndGlobalSection
	GlobalSection(ExtensibilityGlobals) = postSolution
		SolutionGuid = {5791881C-E9B2-4B53-8401-159E14A9FC95}
	EndGlobalSection
EndGlobal
